
Microsoft Visual Studio Solution File, Format Version 12.00
# Visual Studio Version 17
VisualStudioVersion = 17.1.32210.238
MinimumVisualStudioVersion = 10.0.40219.1
Project("{FAE04EC0-301F-11D3-BF4B-00C04F79EFBC}") = "oop_practice", "oop_practice.csproj", "{7CEC5A29-4FA9-485F-85D8-FED8AE0619BF}"
EndProject
Global
	GlobalSection(SolutionConfigurationPlatforms) = preSolution
		Debug|Any CPU = Debug|Any CPU
		Release|Any CPU = Release|Any CPU
	EndGlobalSection
	GlobalSection(ProjectConfigurationPlatforms) = postSolution
		{7CEC5A29-4FA9-485F-85D8-FED8AE0619BF}.Debug|Any CPU.ActiveCfg = Debug|Any CPU
		{7CEC5A29-4FA9-485F-85D8-FED8AE0619BF}.Debug|Any CPU.Build.0 = Debug|Any CPU
		{7CEC5A29-4FA9-485F-85D8-FED8AE0619BF}.Release|Any CPU.ActiveCfg = Release|Any CPU
		{7CEC5A29-4FA9-485F-85D8-FED8AE0619BF}.Release|Any CPU.Build.0 = Release|Any CPU
	EndGlobalSection
	GlobalSection(SolutionProperties) = preSolution
		HideSolutionNode = FALSE
	EndGlobalSection
	GlobalSection(ExtensibilityGlobals) = postSolution
		SolutionGuid = {171E4556-53ED-4200-8F8D-D3D0E9F72F74}
	EndGlobalSection
EndGlobal
